# THIS IS AN AUTOGENERATED FILE. DO NOT EDIT THIS FILE DIRECTLY.
# yarn lockfile v1


"@neuronet.io/vido@^3.2.0":
  version "3.2.6"
  resolved "https://registry.yarnpkg.com/@neuronet.io/vido/-/vido-3.2.6.tgz#e37224d1b47475382e138f0c9b0cd5ed1a134c04"
  integrity sha512-gOOgbMumPx+2ws5X8hdUomj55uE5Gz2HSb7OfmeExFXu7/cEPpHgZ0PIuDMo5qjovFE/rQBO9P/aPlWnct9QHA==
  dependencies:
    csstype "^2.6.10"
    lit-html-optimised "^1.3.0"

csstype@3.0.5, csstype@^2.6.10, csstype@^3.0.3:
  version "3.0.5"
  resolved "https://registry.yarnpkg.com/csstype/-/csstype-3.0.5.tgz#7fdec6a28a67ae18647c51668a9ff95bb2fa7bb8"
  integrity sha512-uVDi8LpBUKQj6sdxNaTetL6FpeCqTjOvAQuQUa/qAqq8oOd4ivkbhgnqayl0dnPal8Tb/yB1tF+gOvCBiicaiQ==

dayjs@^1.8.35:
  version "1.9.6"
  resolved "https://registry.yarnpkg.com/dayjs/-/dayjs-1.9.6.tgz#6f0c77d76ac1ff63720dd1197e5cb87b67943d70"
  integrity sha512-HngNLtPEBWRo8EFVmHFmSXAjtCX8rGNqeXQI0Gh7wCTSqwaKgPIDqu9m07wABVopNwzvOeCb+2711vQhDlcIXw==

deep-state-observer@^3.20.1:
  version "3.22.8"
  resolved "https://registry.yarnpkg.com/deep-state-observer/-/deep-state-observer-3.22.8.tgz#1dec4d71a61d3eba46cb0e0f5d06b6fd935ddda2"
  integrity sha512-FgAAsH+tFML/laC0dT2YWc9w0SYwZcUzm9Jy5cIpyDzNrGeetc2UUCMWLrhIZFEd/g0HZwhWo79t9eAKVWjE+w==

gantt-schedule-timeline-calendar@3.5.5:
  version "3.5.5"
  resolved "https://registry.yarnpkg.com/gantt-schedule-timeline-calendar/-/gantt-schedule-timeline-calendar-3.5.5.tgz#11f34d5d7c2156d89fd47e9d5bbc9fdbe9f44014"
  integrity sha512-tX09TZHARnsCYVBzyejQgxrL/ZsgAwibgFhjTXmJWcSxUTkTY3Gx15V0XB+o27vZUjXlb95hl+cYRN7KAxlESw==
  dependencies:
    "@neuronet.io/vido" "^3.2.0"
    csstype "^3.0.3"
    dayjs "^1.8.35"
    deep-state-observer "^3.20.1"

lit-html-optimised@^1.3.0:
  version "1.3.0"
  resolved "https://registry.yarnpkg.com/lit-html-optimised/-/lit-html-optimised-1.3.0.tgz#8cf89d0a655b529cd23fa49b231f7297e681faf6"
  integrity sha512-wP6JWmnk5VvjliLP1dGKYe9Ip0zKfJHnvjgkVQluxi+zqNZ+LQPEsRMsRaYjhYIefVvZx9mMbFoIx2/KSMRoUQ==

typescript@^4.1.2:
  version "4.1.2"
  resolved "https://registry.yarnpkg.com/typescript/-/typescript-4.1.2.tgz#6369ef22516fe5e10304aae5a5c4862db55380e9"
  integrity sha512-thGloWsGH3SOxv1SoY7QojKi0tc+8FnOmiarEGMbd/lar7QOEd3hvlx3Fp5y6FlDUGl9L+pd4n2e+oToGMmhRQ==
