# THIS IS AN AUTOGENERATED FILE. DO NOT EDIT THIS FILE DIRECTLY.
# yarn lockfile v1


"@neuronet.io/vido@^3.2.7":
  version "3.2.7"
  resolved "https://registry.yarnpkg.com/@neuronet.io/vido/-/vido-3.2.7.tgz#cb3b825f21119194ca80dccd402fde2073cebb0b"
  integrity sha512-sNn6SjJf/i0E9yu0tR7pT9L+RQ7unp+e0gejpmbux8NsaoVREPPdSJlZFosii/xQ00EHx1W+XdMKKuiv1t1BJw==
  dependencies:
    csstype "^2.6.10"
    lit-html-optimised "^1.3.0"

csstype@^2.6.10:
  version "2.6.14"
  resolved "https://registry.yarnpkg.com/csstype/-/csstype-2.6.14.tgz#004822a4050345b55ad4dcc00be1d9cf2f4296de"
  integrity sha512-2mSc+VEpGPblzAxyeR+vZhJKgYg0Og0nnRi7pmRXFYYxSfnOnW8A5wwQb4n4cE2nIOzqKOAzLCaEX6aBmNEv8A==

csstype@^3.0.5:
  version "3.0.5"
  resolved "https://registry.yarnpkg.com/csstype/-/csstype-3.0.5.tgz#7fdec6a28a67ae18647c51668a9ff95bb2fa7bb8"
  integrity sha512-uVDi8LpBUKQj6sdxNaTetL6FpeCqTjOvAQuQUa/qAqq8oOd4ivkbhgnqayl0dnPal8Tb/yB1tF+gOvCBiicaiQ==

dayjs@^1.9.7:
  version "1.9.7"
  resolved "https://registry.yarnpkg.com/dayjs/-/dayjs-1.9.7.tgz#4b260bb17dceed2d5f29038dfee03c65a6786fc0"
  integrity sha512-IC877KBdMhBrCfBfJXHQlo0G8keZ0Opy7YIIq5QKtUbCuHMzim8S4PyiVK4YmihI3iOF9lhfUBW4AQWHTR5WHA==

deep-state-observer@^3.22.8:
  version "3.22.9"
  resolved "https://registry.yarnpkg.com/deep-state-observer/-/deep-state-observer-3.22.9.tgz#83906a3f5ba72e73a62df9d9636bc83c10f1913f"
  integrity sha512-NxXr7T6oqI1VHCP1V//aWaDH6m3mO1JsMvAgoc6r5bheuLAkd8VlrNqKHDWRUx6oiwLZL68/e5kiNOqIvfpVow==

gantt-schedule-timeline-calendar@3.6.5:
  version "3.6.5"
  resolved "https://registry.yarnpkg.com/gantt-schedule-timeline-calendar/-/gantt-schedule-timeline-calendar-3.6.5.tgz#41015e0ba21bca9a8eaf25f6313f0c9d910491f0"
  integrity sha512-F+q2NgbEidYtRTAPfVtIdFKiec7XiJLchuYvEj9PYs/hz8iyDB1rZGsja5wNyutK4Njn7kmRBvYe+OK9tnzbjA==
  dependencies:
    "@neuronet.io/vido" "^3.2.7"
    csstype "^3.0.5"
    dayjs "^1.9.7"
    deep-state-observer "^3.22.8"

lit-html-optimised@^1.3.0:
  version "1.3.0"
  resolved "https://registry.yarnpkg.com/lit-html-optimised/-/lit-html-optimised-1.3.0.tgz#8cf89d0a655b529cd23fa49b231f7297e681faf6"
  integrity sha512-wP6JWmnk5VvjliLP1dGKYe9Ip0zKfJHnvjgkVQluxi+zqNZ+LQPEsRMsRaYjhYIefVvZx9mMbFoIx2/KSMRoUQ==

typescript@^4.1.2:
  version "4.1.2"
  resolved "https://registry.yarnpkg.com/typescript/-/typescript-4.1.2.tgz#6369ef22516fe5e10304aae5a5c4862db55380e9"
  integrity sha512-thGloWsGH3SOxv1SoY7QojKi0tc+8FnOmiarEGMbd/lar7QOEd3hvlx3Fp5y6FlDUGl9L+pd4n2e+oToGMmhRQ==
